{
  "originHash" : "87165de20a21ff2a7abe6d32100e4a73b5cdfeb46d5d5a9b3de49dead0840c1f",
  "pins" : [
    {
      "identity" : "alamofire",
      "kind" : "remoteSourceControl",
      "location" : "https://github.com/Alamofire/Alamofire",
      "state" : {
        "revision" : "f455c2975872ccd2d9c81594c658af65716e9b9a",
        "version" : "5.9.1"
      }
    },
    {
      "identity" : "swifthash",
      "kind" : "remoteSourceControl",
      "location" : "https://github.com/onmyway133/SwiftHash",
      "state" : {
        "revision" : "a900fc3f33c67eb33c9e650651edf6e23a410b3c",
        "version" : "2.0.2"
      }
    }
  ],
  "version" : 3
}
