{
  "originHash" : "18e4783b59cd38c0d3de9be52e2f06849777d6b5cba49de690b115984ade1058",
  "pins" : [
    {
      "identity" : "alamofire",
      "kind" : "remoteSourceControl",
      "location" : "https://github.com/Alamofire/Alamofire",
      "state" : {
        "revision" : "f455c2975872ccd2d9c81594c658af65716e9b9a",
        "version" : "5.9.1"
      }
    },
    {
      "identity" : "lottie-ios",
      "kind" : "remoteSourceControl",
      "location" : "https://github.com/airbnb/lottie-ios",
      "state" : {
        "revision" : "fe4c6fe3a0aa66cdeb51d549623c82ca9704b9a5",
        "version" : "4.5.0"
      }
    },
    {
      "identity" : "swifthash",
      "kind" : "remoteSourceControl",
      "location" : "https://github.com/onmyway133/SwiftHash",
      "state" : {
        "revision" : "a900fc3f33c67eb33c9e650651edf6e23a410b3c",
        "version" : "2.0.2"
      }
    }
  ],
  "version" : 3
}
